// !$*UTF8*$!
{
	archiveVersion = 1;
	classes = {
	};
	objectVersion = 46;
	objects = {

/* Begin PBXBuildFile section */
		673B5B0D1F7F4E5900837D6B /* TrendingViewModel.swift in Sources */ = {isa = PBXBuildFile; fileRef = 673B5B0C1F7F4E5900837D6B /* TrendingViewModel.swift */; };
		673B5B101F7F4F0A00837D6B /* ApiService.swift in Sources */ = {isa = PBXBuildFile; fileRef = 673B5B0F1F7F4F0A00837D6B /* ApiService.swift */; };
		673B5B181F7F597200837D6B /* TrendingViewController.swift in Sources */ = {isa = PBXBuildFile; fileRef = 673B5B171F7F597200837D6B /* TrendingViewController.swift */; };
		673B5B1A1F7F59F500837D6B /* Trending.storyboard in Resources */ = {isa = PBXBuildFile; fileRef = 673B5B191F7F59F500837D6B /* Trending.storyboard */; };
		67584B001F7AB30300699C4E /* AppDelegate.swift in Sources */ = {isa = PBXBuildFile; fileRef = 67584AFF1F7AB30300699C4E /* AppDelegate.swift */; };
		67584B021F7AB30300699C4E /* ViewController.swift in Sources */ = {isa = PBXBuildFile; fileRef = 67584B011F7AB30300699C4E /* ViewController.swift */; };
		67584B051F7AB30300699C4E /* Main.storyboard in Resources */ = {isa = PBXBuildFile; fileRef = 67584B031F7AB30300699C4E /* Main.storyboard */; };
		67584B071F7AB30300699C4E /* Assets.xcassets in Resources */ = {isa = PBXBuildFile; fileRef = 67584B061F7AB30300699C4E /* Assets.xcassets */; };
		67584B0A1F7AB30300699C4E /* LaunchScreen.storyboard in Resources */ = {isa = PBXBuildFile; fileRef = 67584B081F7AB30300699C4E /* LaunchScreen.storyboard */; };
		C1C3FD58D95FFA547D690782 /* Pods_Moovy.framework in Frameworks */ = {isa = PBXBuildFile; fileRef = ACD90CE0223B3BD45DCA5C01 /* Pods_Moovy.framework */; };
/* End PBXBuildFile section */

/* Begin PBXFileReference section */
		673B5B0C1F7F4E5900837D6B /* TrendingViewModel.swift */ = {isa = PBXFileReference; fileEncoding = 4; lastKnownFileType = sourcecode.swift; path = TrendingViewModel.swift; sourceTree = "<group>"; };
		673B5B0F1F7F4F0A00837D6B /* ApiService.swift */ = {isa = PBXFileReference; fileEncoding = 4; lastKnownFileType = sourcecode.swift; path = ApiService.swift; sourceTree = "<group>"; };
		673B5B171F7F597200837D6B /* TrendingViewController.swift */ = {isa = PBXFileReference; fileEncoding = 4; lastKnownFileType = sourcecode.swift; path = TrendingViewController.swift; sourceTree = "<group>"; };
		673B5B191F7F59F500837D6B /* Trending.storyboard */ = {isa = PBXFileReference; fileEncoding = 4; lastKnownFileType = file.storyboard; path = Trending.storyboard; sourceTree = "<group>"; };
		67584AFC1F7AB30300699C4E /* Moovy.app */ = {isa = PBXFileReference; explicitFileType = wrapper.application; includeInIndex = 0; path = Moovy.app; sourceTree = BUILT_PRODUCTS_DIR; };
		67584AFF1F7AB30300699C4E /* AppDelegate.swift */ = {isa = PBXFileReference; lastKnownFileType = sourcecode.swift; path = AppDelegate.swift; sourceTree = "<group>"; };
		67584B011F7AB30300699C4E /* ViewController.swift */ = {isa = PBXFileReference; lastKnownFileType = sourcecode.swift; path = ViewController.swift; sourceTree = "<group>"; };
		67584B041F7AB30300699C4E /* Base */ = {isa = PBXFileReference; lastKnownFileType = file.storyboard; name = Base; path = Base.lproj/Main.storyboard; sourceTree = "<group>"; };
		67584B061F7AB30300699C4E /* Assets.xcassets */ = {isa = PBXFileReference; lastKnownFileType = folder.assetcatalog; path = Assets.xcassets; sourceTree = "<group>"; };
		67584B091F7AB30300699C4E /* Base */ = {isa = PBXFileReference; lastKnownFileType = file.storyboard; name = Base; path = Base.lproj/LaunchScreen.storyboard; sourceTree = "<group>"; };
		67584B0B1F7AB30300699C4E /* Info.plist */ = {isa = PBXFileReference; lastKnownFileType = text.plist.xml; path = Info.plist; sourceTree = "<group>"; };
		ACD90CE0223B3BD45DCA5C01 /* Pods_Moovy.framework */ = {isa = PBXFileReference; explicitFileType = wrapper.framework; includeInIndex = 0; path = Pods_Moovy.framework; sourceTree = BUILT_PRODUCTS_DIR; };
		E7E4B7FB697C311EC9E4F159 /* Pods-Moovy.debug.xcconfig */ = {isa = PBXFileReference; includeInIndex = 1; lastKnownFileType = text.xcconfig; name = "Pods-Moovy.debug.xcconfig"; path = "Pods/Target Support Files/Pods-Moovy/Pods-Moovy.debug.xcconfig"; sourceTree = "<group>"; };
		F55331446E7C95F522D35CD3 /* Pods-Moovy.release.xcconfig */ = {isa = PBXFileReference; includeInIndex = 1; lastKnownFileType = text.xcconfig; name = "Pods-Moovy.release.xcconfig"; path = "Pods/Target Support Files/Pods-Moovy/Pods-Moovy.release.xcconfig"; sourceTree = "<group>"; };
/* End PBXFileReference section */

/* Begin PBXFrameworksBuildPhase section */
		67584AF91F7AB30200699C4E /* Frameworks */ = {
			isa = PBXFrameworksBuildPhase;
			buildActionMask = 2147483647;
			files = (
				C1C3FD58D95FFA547D690782 /* Pods_Moovy.framework in Frameworks */,
			);
			runOnlyForDeploymentPostprocessing = 0;
		};
/* End PBXFrameworksBuildPhase section */

/* Begin PBXGroup section */
		673B5B0A1F7F4B8500837D6B /* Features */ = {
			isa = PBXGroup;
			children = (
				673B5B0C1F7F4E5900837D6B /* TrendingViewModel.swift */,
				673B5B171F7F597200837D6B /* TrendingViewController.swift */,
				673B5B191F7F59F500837D6B /* Trending.storyboard */,
			);
			path = Features;
			sourceTree = "<group>";
		};
		673B5B0B1F7F4BA500837D6B /* Data */ = {
			isa = PBXGroup;
			children = (
			);
			path = Data;
			sourceTree = "<group>";
		};
		673B5B0E1F7F4EF700837D6B /* Api */ = {
			isa = PBXGroup;
			children = (
				673B5B0F1F7F4F0A00837D6B /* ApiService.swift */,
			);
			path = Api;
			sourceTree = "<group>";
		};
		67584AF31F7AB30200699C4E = {
			isa = PBXGroup;
			children = (
				67584AFE1F7AB30300699C4E /* Moovy */,
				67584AFD1F7AB30300699C4E /* Products */,
				C340C221618ECDD61EC6E14F /* Pods */,
				D45397480E668ABC6F957F25 /* Frameworks */,
			);
			sourceTree = "<group>";
		};
		67584AFD1F7AB30300699C4E /* Products */ = {
			isa = PBXGroup;
			children = (
				67584AFC1F7AB30300699C4E /* Moovy.app */,
			);
			name = Products;
			sourceTree = "<group>";
		};
		67584AFE1F7AB30300699C4E /* Moovy */ = {
			isa = PBXGroup;
			children = (
				673B5B0E1F7F4EF700837D6B /* Api */,
				673B5B0B1F7F4BA500837D6B /* Data */,
				673B5B0A1F7F4B8500837D6B /* Features */,
				67584AFF1F7AB30300699C4E /* AppDelegate.swift */,
				67584B011F7AB30300699C4E /* ViewController.swift */,
				67584B031F7AB30300699C4E /* Main.storyboard */,
				67584B061F7AB30300699C4E /* Assets.xcassets */,
				67584B081F7AB30300699C4E /* LaunchScreen.storyboard */,
				67584B0B1F7AB30300699C4E /* Info.plist */,
			);
			path = Moovy;
			sourceTree = "<group>";
		};
		C340C221618ECDD61EC6E14F /* Pods */ = {
			isa = PBXGroup;
			children = (
				E7E4B7FB697C311EC9E4F159 /* Pods-Moovy.debug.xcconfig */,
				F55331446E7C95F522D35CD3 /* Pods-Moovy.release.xcconfig */,
			);
			name = Pods;
			sourceTree = "<group>";
		};
		D45397480E668ABC6F957F25 /* Frameworks */ = {
			isa = PBXGroup;
			children = (
				ACD90CE0223B3BD45DCA5C01 /* Pods_Moovy.framework */,
			);
			name = Frameworks;
			sourceTree = "<group>";
		};
/* End PBXGroup section */

/* Begin PBXNativeTarget section */
		67584AFB1F7AB30200699C4E /* Moovy */ = {
			isa = PBXNativeTarget;
			buildConfigurationList = 67584B0E1F7AB30300699C4E /* Build configuration list for PBXNativeTarget "Moovy" */;
			buildPhases = (
				090E416CE26BA1C4FCB8C638 /* [CP] Check Pods Manifest.lock */,
				67584AF81F7AB30200699C4E /* Sources */,
				67584AF91F7AB30200699C4E /* Frameworks */,
				67584AFA1F7AB30200699C4E /* Resources */,
				29C86A3CC84286AF86E2167E /* [CP] Embed Pods Frameworks */,
				4D465500AB81FBEDE3C4B039 /* [CP] Copy Pods Resources */,
			);
			buildRules = (
			);
			dependencies = (
			);
			name = Moovy;
			productName = Moovy;
			productReference = 67584AFC1F7AB30300699C4E /* Moovy.app */;
			productType = "com.apple.product-type.application";
		};
/* End PBXNativeTarget section */

/* Begin PBXProject section */
		67584AF41F7AB30200699C4E /* Project object */ = {
			isa = PBXProject;
			attributes = {
				LastSwiftUpdateCheck = 0820;
				LastUpgradeCheck = 0820;
				ORGANIZATIONNAME = "Chip Cerio";
				TargetAttributes = {
					67584AFB1F7AB30200699C4E = {
						CreatedOnToolsVersion = 8.2.1;
						DevelopmentTeam = 25PSAK2QTC;
						ProvisioningStyle = Automatic;
					};
				};
			};
			buildConfigurationList = 67584AF71F7AB30200699C4E /* Build configuration list for PBXProject "Moovy" */;
			compatibilityVersion = "Xcode 3.2";
			developmentRegion = English;
			hasScannedForEncodings = 0;
			knownRegions = (
				en,
				Base,
			);
			mainGroup = 67584AF31F7AB30200699C4E;
			productRefGroup = 67584AFD1F7AB30300699C4E /* Products */;
			projectDirPath = "";
			projectRoot = "";
			targets = (
				67584AFB1F7AB30200699C4E /* Moovy */,
			);
		};
/* End PBXProject section */

/* Begin PBXResourcesBuildPhase section */
		67584AFA1F7AB30200699C4E /* Resources */ = {
			isa = PBXResourcesBuildPhase;
			buildActionMask = 2147483647;
			files = (
				67584B0A1F7AB30300699C4E /* LaunchScreen.storyboard in Resources */,
				673B5B1A1F7F59F500837D6B /* Trending.storyboard in Resources */,
				67584B071F7AB30300699C4E /* Assets.xcassets in Resources */,
				67584B051F7AB30300699C4E /* Main.storyboard in Resources */,
			);
			runOnlyForDeploymentPostprocessing = 0;
		};
/* End PBXResourcesBuildPhase section */

/* Begin PBXShellScriptBuildPhase section */
		090E416CE26BA1C4FCB8C638 /* [CP] Check Pods Manifest.lock */ = {
			isa = PBXShellScriptBuildPhase;
			buildActionMask = 2147483647;
			files = (
			);
			inputPaths = (
			);
			name = "[CP] Check Pods Manifest.lock";
			outputPaths = (
			);
			runOnlyForDeploymentPostprocessing = 0;
			shellPath = /bin/sh;
			shellScript = "diff \"${PODS_PODFILE_DIR_PATH}/Podfile.lock\" \"${PODS_ROOT}/Manifest.lock\" > /dev/null\nif [ $? != 0 ] ; then\n    # print error to STDERR\n    echo \"error: The sandbox is not in sync with the Podfile.lock. Run 'pod install' or update your CocoaPods installation.\" >&2\n    exit 1\nfi\n";
			showEnvVarsInLog = 0;
		};
		29C86A3CC84286AF86E2167E /* [CP] Embed Pods Frameworks */ = {
			isa = PBXShellScriptBuildPhase;
			buildActionMask = 2147483647;
			files = (
			);
			inputPaths = (
			);
			name = "[CP] Embed Pods Frameworks";
			outputPaths = (
			);
			runOnlyForDeploymentPostprocessing = 0;
			shellPath = /bin/sh;
			shellScript = "\"${SRCROOT}/Pods/Target Support Files/Pods-Moovy/Pods-Moovy-frameworks.sh\"\n";
			showEnvVarsInLog = 0;
		};
		4D465500AB81FBEDE3C4B039 /* [CP] Copy Pods Resources */ = {
			isa = PBXShellScriptBuildPhase;
			buildActionMask = 2147483647;
			files = (
			);
			inputPaths = (
			);
			name = "[CP] Copy Pods Resources";
			outputPaths = (
			);
			runOnlyForDeploymentPostprocessing = 0;
			shellPath = /bin/sh;
			shellScript = "\"${SRCROOT}/Pods/Target Support Files/Pods-Moovy/Pods-Moovy-resources.sh\"\n";
			showEnvVarsInLog = 0;
		};
/* End PBXShellScriptBuildPhase section */

/* Begin PBXSourcesBuildPhase section */
		67584AF81F7AB30200699C4E /* Sources */ = {
			isa = PBXSourcesBuildPhase;
			buildActionMask = 2147483647;
			files = (
				67584B021F7AB30300699C4E /* ViewController.swift in Sources */,
				673B5B0D1F7F4E5900837D6B /* TrendingViewModel.swift in Sources */,
				673B5B181F7F597200837D6B /* TrendingViewController.swift in Sources */,
				673B5B101F7F4F0A00837D6B /* ApiService.swift in Sources */,
				67584B001F7AB30300699C4E /* AppDelegate.swift in Sources */,
			);
			runOnlyForDeploymentPostprocessing = 0;
		};
/* End PBXSourcesBuildPhase section */

/* Begin PBXVariantGroup section */
		67584B031F7AB30300699C4E /* Main.storyboard */ = {
			isa = PBXVariantGroup;
			children = (
				67584B041F7AB30300699C4E /* Base */,
			);
			name = Main.storyboard;
			sourceTree = "<group>";
		};
		67584B081F7AB30300699C4E /* LaunchScreen.storyboard */ = {
			isa = PBXVariantGroup;
			children = (
				67584B091F7AB30300699C4E /* Base */,
			);
			name = LaunchScreen.storyboard;
			sourceTree = "<group>";
		};
/* End PBXVariantGroup section */

/* Begin XCBuildConfiguration section */
		67584B0C1F7AB30300699C4E /* Debug */ = {
			isa = XCBuildConfiguration;
			buildSettings = {
				ALWAYS_SEARCH_USER_PATHS = NO;
				CLANG_ANALYZER_NONNULL = YES;
				CLANG_CXX_LANGUAGE_STANDARD = "gnu++0x";
				CLANG_CXX_LIBRARY = "libc++";
				CLANG_ENABLE_MODULES = YES;
				CLANG_ENABLE_OBJC_ARC = YES;
				CLANG_WARN_BOOL_CONVERSION = YES;
				CLANG_WARN_CONSTANT_CONVERSION = YES;
				CLANG_WARN_DIRECT_OBJC_ISA_USAGE = YES_ERROR;
				CLANG_WARN_DOCUMENTATION_COMMENTS = YES;
				CLANG_WARN_EMPTY_BODY = YES;
				CLANG_WARN_ENUM_CONVERSION = YES;
				CLANG_WARN_INFINITE_RECURSION = YES;
				CLANG_WARN_INT_CONVERSION = YES;
				CLANG_WARN_OBJC_ROOT_CLASS = YES_ERROR;
				CLANG_WARN_SUSPICIOUS_MOVE = YES;
				CLANG_WARN_UNREACHABLE_CODE = YES;
				CLANG_WARN__DUPLICATE_METHOD_MATCH = YES;
				"CODE_SIGN_IDENTITY[sdk=iphoneos*]" = "iPhone Developer";
				COPY_PHASE_STRIP = NO;
				DEBUG_INFORMATION_FORMAT = dwarf;
				ENABLE_STRICT_OBJC_MSGSEND = YES;
				ENABLE_TESTABILITY = YES;
				GCC_C_LANGUAGE_STANDARD = gnu99;
				GCC_DYNAMIC_NO_PIC = NO;
				GCC_NO_COMMON_BLOCKS = YES;
				GCC_OPTIMIZATION_LEVEL = 0;
				GCC_PREPROCESSOR_DEFINITIONS = (
					"DEBUG=1",
					"$(inherited)",
				);
				GCC_WARN_64_TO_32_BIT_CONVERSION = YES;
				GCC_WARN_ABOUT_RETURN_TYPE = YES_ERROR;
				GCC_WARN_UNDECLARED_SELECTOR = YES;
				GCC_WARN_UNINITIALIZED_AUTOS = YES_AGGRESSIVE;
				GCC_WARN_UNUSED_FUNCTION = YES;
				GCC_WARN_UNUSED_VARIABLE = YES;
				IPHONEOS_DEPLOYMENT_TARGET = 10.2;
				MTL_ENABLE_DEBUG_INFO = YES;
				ONLY_ACTIVE_ARCH = YES;
				SDKROOT = iphoneos;
				SWIFT_ACTIVE_COMPILATION_CONDITIONS = DEBUG;
				SWIFT_OPTIMIZATION_LEVEL = "-Onone";
			};
			name = Debug;
		};
		67584B0D1F7AB30300699C4E /* Release */ = {
			isa = XCBuildConfiguration;
			buildSettings = {
				ALWAYS_SEARCH_USER_PATHS = NO;
				CLANG_ANALYZER_NONNULL = YES;
				CLANG_CXX_LANGUAGE_STANDARD = "gnu++0x";
				CLANG_CXX_LIBRARY = "libc++";
				CLANG_ENABLE_MODULES = YES;
				CLANG_ENABLE_OBJC_ARC = YES;
				CLANG_WARN_BOOL_CONVERSION = YES;
				CLANG_WARN_CONSTANT_CONVERSION = YES;
				CLANG_WARN_DIRECT_OBJC_ISA_USAGE = YES_ERROR;
				CLANG_WARN_DOCUMENTATION_COMMENTS = YES;
				CLANG_WARN_EMPTY_BODY = YES;
				CLANG_WARN_ENUM_CONVERSION = YES;
				CLANG_WARN_INFINITE_RECURSION = YES;
				CLANG_WARN_INT_CONVERSION = YES;
				CLANG_WARN_OBJC_ROOT_CLASS = YES_ERROR;
				CLANG_WARN_SUSPICIOUS_MOVE = YES;
				CLANG_WARN_UNREACHABLE_CODE = YES;
				CLANG_WARN__DUPLICATE_METHOD_MATCH = YES;
				"CODE_SIGN_IDENTITY[sdk=iphoneos*]" = "iPhone Developer";
				COPY_PHASE_STRIP = NO;
				DEBUG_INFORMATION_FORMAT = "dwarf-with-dsym";
				ENABLE_NS_ASSERTIONS = NO;
				ENABLE_STRICT_OBJC_MSGSEND = YES;
				GCC_C_LANGUAGE_STANDARD = gnu99;
				GCC_NO_COMMON_BLOCKS = YES;
				GCC_WARN_64_TO_32_BIT_CONVERSION = YES;
				GCC_WARN_ABOUT_RETURN_TYPE = YES_ERROR;
				GCC_WARN_UNDECLARED_SELECTOR = YES;
				GCC_WARN_UNINITIALIZED_AUTOS = YES_AGGRESSIVE;
				GCC_WARN_UNUSED_FUNCTION = YES;
				GCC_WARN_UNUSED_VARIABLE = YES;
				IPHONEOS_DEPLOYMENT_TARGET = 10.2;
				MTL_ENABLE_DEBUG_INFO = NO;
				SDKROOT = iphoneos;
				SWIFT_OPTIMIZATION_LEVEL = "-Owholemodule";
				VALIDATE_PRODUCT = YES;
			};
			name = Release;
		};
		67584B0F1F7AB30300699C4E /* Debug */ = {
			isa = XCBuildConfiguration;
			baseConfigurationReference = E7E4B7FB697C311EC9E4F159 /* Pods-Moovy.debug.xcconfig */;
			buildSettings = {
				ASSETCATALOG_COMPILER_APPICON_NAME = AppIcon;
				DEVELOPMENT_TEAM = 25PSAK2QTC;
				INFOPLIST_FILE = Moovy/Info.plist;
				LD_RUNPATH_SEARCH_PATHS = "$(inherited) @executable_path/Frameworks";
				PRODUCT_BUNDLE_IDENTIFIER = com.chipcerio.Moovy;
				PRODUCT_NAME = "$(TARGET_NAME)";
				SWIFT_VERSION = 3.0;
			};
			name = Debug;
		};
		67584B101F7AB30300699C4E /* Release */ = {
			isa = XCBuildConfiguration;
			baseConfigurationReference = F55331446E7C95F522D35CD3 /* Pods-Moovy.release.xcconfig */;
			buildSettings = {
				ASSETCATALOG_COMPILER_APPICON_NAME = AppIcon;
				DEVELOPMENT_TEAM = 25PSAK2QTC;
				INFOPLIST_FILE = Moovy/Info.plist;
				LD_RUNPATH_SEARCH_PATHS = "$(inherited) @executable_path/Frameworks";
				PRODUCT_BUNDLE_IDENTIFIER = com.chipcerio.Moovy;
				PRODUCT_NAME = "$(TARGET_NAME)";
				SWIFT_VERSION = 3.0;
			};
			name = Release;
		};
/* End XCBuildConfiguration section */

/* Begin XCConfigurationList section */
		67584AF71F7AB30200699C4E /* Build configuration list for PBXProject "Moovy" */ = {
			isa = XCConfigurationList;
			buildConfigurations = (
				67584B0C1F7AB30300699C4E /* Debug */,
				67584B0D1F7AB30300699C4E /* Release */,
			);
			defaultConfigurationIsVisible = 0;
			defaultConfigurationName = Release;
		};
		67584B0E1F7AB30300699C4E /* Build configuration list for PBXNativeTarget "Moovy" */ = {
			isa = XCConfigurationList;
			buildConfigurations = (
				67584B0F1F7AB30300699C4E /* Debug */,
				67584B101F7AB30300699C4E /* Release */,
			);
			defaultConfigurationIsVisible = 0;
			defaultConfigurationName = Release;
		};
/* End XCConfigurationList section */
	};
	rootObject = 67584AF41F7AB30200699C4E /* Project object */;
}
